// !$*UTF8*$!
{
	archiveVersion = 1;
	classes = {
	};
	objectVersion = 45;
	objects = {

/* Begin PBXBuildFile section */
		1D3623260D0F684500981E51 /* AppDelegate.m in Sources */ = {isa = PBXBuildFile; fileRef = 1D3623250D0F684500981E51 /* AppDelegate.m */; };
		1D60589B0D05DD56006BFB54 /* main.m in Sources */ = {isa = PBXBuildFile; fileRef = 29B97316FDCFA39411CA2CEA /* main.m */; };
		1D60589F0D05DD5A006BFB54 /* Foundation.framework in Frameworks */ = {isa = PBXBuildFile; fileRef = 1D30AB110D05D00D00671497 /* Foundation.framework */; };
		1DF5F4E00D08C38300B7A737 /* UIKit.framework in Frameworks */ = {isa = PBXBuildFile; fileRef = 1DF5F4DF0D08C38300B7A737 /* UIKit.framework */; };
		288765FD0DF74451002DB57D /* CoreGraphics.framework in Frameworks */ = {isa = PBXBuildFile; fileRef = 288765FC0DF74451002DB57D /* CoreGraphics.framework */; };
		799CC0D10F4CF435006195BD /* Screen.m in Sources */ = {isa = PBXBuildFile; fileRef = 799CC0D00F4CF435006195BD /* Screen.m */; };
		799CC0DE0F4CF912006195BD /* Control.m in Sources */ = {isa = PBXBuildFile; fileRef = 799CC0DD0F4CF912006195BD /* Control.m */; };
		799CC3CE0F4D4EEA006195BD /* URLConnectionHelper.m in Sources */ = {isa = PBXBuildFile; fileRef = 799CC3CD0F4D4EEA006195BD /* URLConnectionHelper.m */; };
		799CC5C80F4D6CB0006195BD /* Default.png in Resources */ = {isa = PBXBuildFile; fileRef = 799CC5C70F4D6CB0006195BD /* Default.png */; };
		79BF34C80F4E5FE600989DCC /* ScreenView.m in Sources */ = {isa = PBXBuildFile; fileRef = 79BF34C70F4E5FE600989DCC /* ScreenView.m */; };
		79BF34CB0F4E60E200989DCC /* ScreenViewController.m in Sources */ = {isa = PBXBuildFile; fileRef = 79BF34CA0F4E60E200989DCC /* ScreenViewController.m */; };
		8C3B6D3D0FA006D00004A7E8 /* Entitlements.plist in Resources */ = {isa = PBXBuildFile; fileRef = 8C3B6D3C0FA006D00004A7E8 /* Entitlements.plist */; };
		8C6620F00F524EEC006A0976 /* ControlView.m in Sources */ = {isa = PBXBuildFile; fileRef = 8C6620EF0F524EEC006A0976 /* ControlView.m */; };
		8C6682010F53EE3D007C45D4 /* DirectoryDefinition.m in Sources */ = {isa = PBXBuildFile; fileRef = 8C6682000F53EE3D007C45D4 /* DirectoryDefinition.m */; };
		8C6682490F53FFF5007C45D4 /* FileUtils.m in Sources */ = {isa = PBXBuildFile; fileRef = 8C6682480F53FFF5007C45D4 /* FileUtils.m */; };
		8C679B720F7B14210058FF41 /* Settings.bundle in Resources */ = {isa = PBXBuildFile; fileRef = 8C679B710F7B14210058FF41 /* Settings.bundle */; };
		8C72E7160F541FAB006CC0DF /* StringUtils.m in Sources */ = {isa = PBXBuildFile; fileRef = 8C72E7150F541FAB006CC0DF /* StringUtils.m */; };
		8C79DCF80F5663E90002E5EE /* Icon.png in Resources */ = {isa = PBXBuildFile; fileRef = 8C79DCF70F5663E90002E5EE /* Icon.png */; };
		8C79DDE20F5670200002E5EE /* ActivitiesController.m in Sources */ = {isa = PBXBuildFile; fileRef = 8C79DDE10F5670200002E5EE /* ActivitiesController.m */; };
		8C79DF2F0F5685EB0002E5EE /* LightsController.xib in Resources */ = {isa = PBXBuildFile; fileRef = 8C79DF2E0F5685EB0002E5EE /* LightsController.xib */; };
		8C79DF340F5686910002E5EE /* LightsController.m in Sources */ = {isa = PBXBuildFile; fileRef = 8C79DF330F5686910002E5EE /* LightsController.m */; };
		8C7BE4230FA0395F00F18AA1 /* ViewHelper.m in Sources */ = {isa = PBXBuildFile; fileRef = 8C7BE4220FA0395F00F18AA1 /* ViewHelper.m */; };
		8C7BE48B0FA0431700F18AA1 /* Reachability.m in Sources */ = {isa = PBXBuildFile; fileRef = 8C7BE48A0FA0431700F18AA1 /* Reachability.m */; };
		8C7BE4F60FA0471F00F18AA1 /* SystemConfiguration.framework in Frameworks */ = {isa = PBXBuildFile; fileRef = 8C7BE4F50FA0471F00F18AA1 /* SystemConfiguration.framework */; };
		8CA75D4D0F5779F100ADF0C0 /* lightbulb_off.png in Resources */ = {isa = PBXBuildFile; fileRef = 8CA75D4B0F5779F100ADF0C0 /* lightbulb_off.png */; };
		8CA75D4E0F5779F100ADF0C0 /* lightbulb.png in Resources */ = {isa = PBXBuildFile; fileRef = 8CA75D4C0F5779F100ADF0C0 /* lightbulb.png */; };
		8CA75DD10F5781E600ADF0C0 /* AccelerometerController.m in Sources */ = {isa = PBXBuildFile; fileRef = 8CA75DD00F5781E600ADF0C0 /* AccelerometerController.m */; };
		8CA75DD30F57820E00ADF0C0 /* AccelerometerController.xib in Resources */ = {isa = PBXBuildFile; fileRef = 8CA75DD20F57820E00ADF0C0 /* AccelerometerController.xib */; };
		8CA75E5C0F57920900ADF0C0 /* lights.png in Resources */ = {isa = PBXBuildFile; fileRef = 8CA75E5A0F57920900ADF0C0 /* lights.png */; };
		8CA75E800F57944100ADF0C0 /* livingroom.png in Resources */ = {isa = PBXBuildFile; fileRef = 8CA75E7F0F57944100ADF0C0 /* livingroom.png */; };
		8CA75EC50F579B4C00ADF0C0 /* QuartzCore.framework in Frameworks */ = {isa = PBXBuildFile; fileRef = 8CA75EC40F579B4C00ADF0C0 /* QuartzCore.framework */; };
		8CA75F0E0F57BED100ADF0C0 /* button.png in Resources */ = {isa = PBXBuildFile; fileRef = 8CA75F0D0F57BED100ADF0C0 /* button.png */; };
		8CA7603F0F57E57300ADF0C0 /* AirConditionerIcon.png in Resources */ = {isa = PBXBuildFile; fileRef = 8CA7603E0F57E57300ADF0C0 /* AirConditionerIcon.png */; };
		8CA7605C0F57E64E00ADF0C0 /* lightIcon.png in Resources */ = {isa = PBXBuildFile; fileRef = 8CA7605B0F57E64E00ADF0C0 /* lightIcon.png */; };
		8CA7607B0F57EA7100ADF0C0 /* buttonHighlighted.png in Resources */ = {isa = PBXBuildFile; fileRef = 8CA7607A0F57EA7100ADF0C0 /* buttonHighlighted.png */; };
		8CD9745C0F52F32C00689B08 /* ServerDefinition.m in Sources */ = {isa = PBXBuildFile; fileRef = 8CD9745B0F52F32C00689B08 /* ServerDefinition.m */; };
		954467CC0F565F98002E9D97 /* Activity.m in Sources */ = {isa = PBXBuildFile; fileRef = 954467CB0F565F98002E9D97 /* Activity.m */; };
		954467D60F5663EF002E9D97 /* Definition.m in Sources */ = {isa = PBXBuildFile; fileRef = 954467D50F5663EF002E9D97 /* Definition.m */; };
		955882DC0F56786700527BA2 /* PaginationController.m in Sources */ = {isa = PBXBuildFile; fileRef = 955882DB0F56786700527BA2 /* PaginationController.m */; };
/* End PBXBuildFile section */

/* Begin PBXFileReference section */
		1D30AB110D05D00D00671497 /* Foundation.framework */ = {isa = PBXFileReference; lastKnownFileType = wrapper.framework; name = Foundation.framework; path = System/Library/Frameworks/Foundation.framework; sourceTree = SDKROOT; };
		1D3623240D0F684500981E51 /* AppDelegate.h */ = {isa = PBXFileReference; fileEncoding = 4; lastKnownFileType = sourcecode.c.h; path = AppDelegate.h; sourceTree = "<group>"; };
		1D3623250D0F684500981E51 /* AppDelegate.m */ = {isa = PBXFileReference; fileEncoding = 4; lastKnownFileType = sourcecode.c.objc; path = AppDelegate.m; sourceTree = "<group>"; };
		1D6058910D05DD3D006BFB54 /* openremote.app */ = {isa = PBXFileReference; explicitFileType = wrapper.application; includeInIndex = 0; path = openremote.app; sourceTree = BUILT_PRODUCTS_DIR; };
		1DF5F4DF0D08C38300B7A737 /* UIKit.framework */ = {isa = PBXFileReference; lastKnownFileType = wrapper.framework; name = UIKit.framework; path = System/Library/Frameworks/UIKit.framework; sourceTree = SDKROOT; };
		288765FC0DF74451002DB57D /* CoreGraphics.framework */ = {isa = PBXFileReference; lastKnownFileType = wrapper.framework; name = CoreGraphics.framework; path = System/Library/Frameworks/CoreGraphics.framework; sourceTree = SDKROOT; };
		29B97316FDCFA39411CA2CEA /* main.m */ = {isa = PBXFileReference; fileEncoding = 4; lastKnownFileType = sourcecode.c.objc; path = main.m; sourceTree = "<group>"; };
		32CA4F630368D1EE00C91783 /* openremote_Prefix.pch */ = {isa = PBXFileReference; fileEncoding = 4; lastKnownFileType = sourcecode.c.h; path = openremote_Prefix.pch; sourceTree = "<group>"; };
		799CC0CF0F4CF435006195BD /* Screen.h */ = {isa = PBXFileReference; fileEncoding = 4; lastKnownFileType = sourcecode.c.h; path = Screen.h; sourceTree = "<group>"; };
		799CC0D00F4CF435006195BD /* Screen.m */ = {isa = PBXFileReference; fileEncoding = 4; lastKnownFileType = sourcecode.c.objc; path = Screen.m; sourceTree = "<group>"; };
		799CC0DC0F4CF912006195BD /* Control.h */ = {isa = PBXFileReference; fileEncoding = 4; lastKnownFileType = sourcecode.c.h; path = Control.h; sourceTree = "<group>"; };
		799CC0DD0F4CF912006195BD /* Control.m */ = {isa = PBXFileReference; fileEncoding = 4; lastKnownFileType = sourcecode.c.objc; path = Control.m; sourceTree = "<group>"; };
		799CC3CC0F4D4EEA006195BD /* URLConnectionHelper.h */ = {isa = PBXFileReference; fileEncoding = 4; lastKnownFileType = sourcecode.c.h; path = URLConnectionHelper.h; sourceTree = "<group>"; };
		799CC3CD0F4D4EEA006195BD /* URLConnectionHelper.m */ = {isa = PBXFileReference; fileEncoding = 4; lastKnownFileType = sourcecode.c.objc; path = URLConnectionHelper.m; sourceTree = "<group>"; };
		799CC5C70F4D6CB0006195BD /* Default.png */ = {isa = PBXFileReference; lastKnownFileType = image.png; path = Default.png; sourceTree = "<group>"; };
		79BF34C60F4E5FE600989DCC /* ScreenView.h */ = {isa = PBXFileReference; fileEncoding = 4; lastKnownFileType = sourcecode.c.h; path = ScreenView.h; sourceTree = "<group>"; };
		79BF34C70F4E5FE600989DCC /* ScreenView.m */ = {isa = PBXFileReference; fileEncoding = 4; lastKnownFileType = sourcecode.c.objc; path = ScreenView.m; sourceTree = "<group>"; };
		79BF34C90F4E60E200989DCC /* ScreenViewController.h */ = {isa = PBXFileReference; fileEncoding = 4; lastKnownFileType = sourcecode.c.h; path = ScreenViewController.h; sourceTree = "<group>"; };
		79BF34CA0F4E60E200989DCC /* ScreenViewController.m */ = {isa = PBXFileReference; fileEncoding = 4; lastKnownFileType = sourcecode.c.objc; path = ScreenViewController.m; sourceTree = "<group>"; };
		79FEE18F0F4E864C0017B50D /* Definition.h */ = {isa = PBXFileReference; fileEncoding = 4; lastKnownFileType = sourcecode.c.h; path = Definition.h; sourceTree = "<group>"; };
		8C3B6D3C0FA006D00004A7E8 /* Entitlements.plist */ = {isa = PBXFileReference; fileEncoding = 4; lastKnownFileType = text.plist.xml; path = Entitlements.plist; sourceTree = "<group>"; };
		8C6620EE0F524EEC006A0976 /* ControlView.h */ = {isa = PBXFileReference; fileEncoding = 4; lastKnownFileType = sourcecode.c.h; path = ControlView.h; sourceTree = "<group>"; };
		8C6620EF0F524EEC006A0976 /* ControlView.m */ = {isa = PBXFileReference; fileEncoding = 4; lastKnownFileType = sourcecode.c.objc; path = ControlView.m; sourceTree = "<group>"; };
		8C6681FF0F53EE3D007C45D4 /* DirectoryDefinition.h */ = {isa = PBXFileReference; fileEncoding = 4; lastKnownFileType = sourcecode.c.h; path = DirectoryDefinition.h; sourceTree = "<group>"; };
		8C6682000F53EE3D007C45D4 /* DirectoryDefinition.m */ = {isa = PBXFileReference; fileEncoding = 4; lastKnownFileType = sourcecode.c.objc; path = DirectoryDefinition.m; sourceTree = "<group>"; };
		8C6682470F53FFF5007C45D4 /* FileUtils.h */ = {isa = PBXFileReference; fileEncoding = 4; lastKnownFileType = sourcecode.c.h; path = FileUtils.h; sourceTree = "<group>"; };
		8C6682480F53FFF5007C45D4 /* FileUtils.m */ = {isa = PBXFileReference; fileEncoding = 4; lastKnownFileType = sourcecode.c.objc; path = FileUtils.m; sourceTree = "<group>"; };
		8C679B710F7B14210058FF41 /* Settings.bundle */ = {isa = PBXFileReference; lastKnownFileType = "wrapper.plug-in"; path = Settings.bundle; sourceTree = "<group>"; };
		8C72E7140F541FAB006CC0DF /* StringUtils.h */ = {isa = PBXFileReference; fileEncoding = 4; lastKnownFileType = sourcecode.c.h; path = StringUtils.h; sourceTree = "<group>"; };
		8C72E7150F541FAB006CC0DF /* StringUtils.m */ = {isa = PBXFileReference; fileEncoding = 4; lastKnownFileType = sourcecode.c.objc; path = StringUtils.m; sourceTree = "<group>"; };
		8C79DCF70F5663E90002E5EE /* Icon.png */ = {isa = PBXFileReference; lastKnownFileType = image.png; path = Icon.png; sourceTree = "<group>"; };
		8C79DDE00F5670200002E5EE /* ActivitiesController.h */ = {isa = PBXFileReference; fileEncoding = 4; lastKnownFileType = sourcecode.c.h; path = ActivitiesController.h; sourceTree = "<group>"; };
		8C79DDE10F5670200002E5EE /* ActivitiesController.m */ = {isa = PBXFileReference; fileEncoding = 4; lastKnownFileType = sourcecode.c.objc; path = ActivitiesController.m; sourceTree = "<group>"; };
		8C79DF2E0F5685EB0002E5EE /* LightsController.xib */ = {isa = PBXFileReference; lastKnownFileType = file.xib; path = LightsController.xib; sourceTree = "<group>"; };
		8C79DF320F5686910002E5EE /* LightsController.h */ = {isa = PBXFileReference; fileEncoding = 4; lastKnownFileType = sourcecode.c.h; path = LightsController.h; sourceTree = "<group>"; };
		8C79DF330F5686910002E5EE /* LightsController.m */ = {isa = PBXFileReference; fileEncoding = 4; lastKnownFileType = sourcecode.c.objc; path = LightsController.m; sourceTree = "<group>"; };
		8C7BE4210FA0395F00F18AA1 /* ViewHelper.h */ = {isa = PBXFileReference; fileEncoding = 4; lastKnownFileType = sourcecode.c.h; path = ViewHelper.h; sourceTree = "<group>"; };
		8C7BE4220FA0395F00F18AA1 /* ViewHelper.m */ = {isa = PBXFileReference; fileEncoding = 4; lastKnownFileType = sourcecode.c.objc; path = ViewHelper.m; sourceTree = "<group>"; };
		8C7BE4890FA0431700F18AA1 /* Reachability.h */ = {isa = PBXFileReference; fileEncoding = 4; lastKnownFileType = sourcecode.c.h; path = Reachability.h; sourceTree = "<group>"; };
		8C7BE48A0FA0431700F18AA1 /* Reachability.m */ = {isa = PBXFileReference; fileEncoding = 4; lastKnownFileType = sourcecode.c.objc; path = Reachability.m; sourceTree = "<group>"; };
		8C7BE4F50FA0471F00F18AA1 /* SystemConfiguration.framework */ = {isa = PBXFileReference; lastKnownFileType = wrapper.framework; name = SystemConfiguration.framework; path = System/Library/Frameworks/SystemConfiguration.framework; sourceTree = SDKROOT; };
		8CA75D4B0F5779F100ADF0C0 /* lightbulb_off.png */ = {isa = PBXFileReference; lastKnownFileType = image.png; path = lightbulb_off.png; sourceTree = "<group>"; };
		8CA75D4C0F5779F100ADF0C0 /* lightbulb.png */ = {isa = PBXFileReference; lastKnownFileType = image.png; path = lightbulb.png; sourceTree = "<group>"; };
		8CA75DCF0F5781E600ADF0C0 /* AccelerometerController.h */ = {isa = PBXFileReference; fileEncoding = 4; lastKnownFileType = sourcecode.c.h; path = AccelerometerController.h; sourceTree = "<group>"; };
		8CA75DD00F5781E600ADF0C0 /* AccelerometerController.m */ = {isa = PBXFileReference; fileEncoding = 4; lastKnownFileType = sourcecode.c.objc; path = AccelerometerController.m; sourceTree = "<group>"; };
		8CA75DD20F57820E00ADF0C0 /* AccelerometerController.xib */ = {isa = PBXFileReference; lastKnownFileType = file.xib; path = AccelerometerController.xib; sourceTree = "<group>"; };
		8CA75E5A0F57920900ADF0C0 /* lights.png */ = {isa = PBXFileReference; lastKnownFileType = image.png; path = lights.png; sourceTree = "<group>"; };
		8CA75E7F0F57944100ADF0C0 /* livingroom.png */ = {isa = PBXFileReference; lastKnownFileType = image.png; path = livingroom.png; sourceTree = "<group>"; };
		8CA75EC40F579B4C00ADF0C0 /* QuartzCore.framework */ = {isa = PBXFileReference; lastKnownFileType = wrapper.framework; name = QuartzCore.framework; path = System/Library/Frameworks/QuartzCore.framework; sourceTree = SDKROOT; };
		8CA75F0D0F57BED100ADF0C0 /* button.png */ = {isa = PBXFileReference; lastKnownFileType = image.png; path = button.png; sourceTree = "<group>"; };
		8CA7603E0F57E57300ADF0C0 /* AirConditionerIcon.png */ = {isa = PBXFileReference; lastKnownFileType = image.png; path = AirConditionerIcon.png; sourceTree = "<group>"; };
		8CA7605B0F57E64E00ADF0C0 /* lightIcon.png */ = {isa = PBXFileReference; lastKnownFileType = image.png; path = lightIcon.png; sourceTree = "<group>"; };
		8CA7607A0F57EA7100ADF0C0 /* buttonHighlighted.png */ = {isa = PBXFileReference; lastKnownFileType = image.png; path = buttonHighlighted.png; sourceTree = "<group>"; };
		8CD9745A0F52F32C00689B08 /* ServerDefinition.h */ = {isa = PBXFileReference; fileEncoding = 4; lastKnownFileType = sourcecode.c.h; path = ServerDefinition.h; sourceTree = "<group>"; };
		8CD9745B0F52F32C00689B08 /* ServerDefinition.m */ = {isa = PBXFileReference; fileEncoding = 4; lastKnownFileType = sourcecode.c.objc; path = ServerDefinition.m; sourceTree = "<group>"; };
		8D1107310486CEB800E47090 /* Info.plist */ = {isa = PBXFileReference; fileEncoding = 4; lastKnownFileType = text.plist.xml; path = Info.plist; sourceTree = "<group>"; };
		954467CA0F565F98002E9D97 /* Activity.h */ = {isa = PBXFileReference; fileEncoding = 4; lastKnownFileType = sourcecode.c.h; path = Activity.h; sourceTree = "<group>"; };
		954467CB0F565F98002E9D97 /* Activity.m */ = {isa = PBXFileReference; fileEncoding = 4; lastKnownFileType = sourcecode.c.objc; path = Activity.m; sourceTree = "<group>"; };
		954467D50F5663EF002E9D97 /* Definition.m */ = {isa = PBXFileReference; fileEncoding = 4; lastKnownFileType = sourcecode.c.objc; path = Definition.m; sourceTree = "<group>"; };
		955882DA0F56786700527BA2 /* PaginationController.h */ = {isa = PBXFileReference; fileEncoding = 4; lastKnownFileType = sourcecode.c.h; path = PaginationController.h; sourceTree = "<group>"; };
		955882DB0F56786700527BA2 /* PaginationController.m */ = {isa = PBXFileReference; fileEncoding = 4; lastKnownFileType = sourcecode.c.objc; path = PaginationController.m; sourceTree = "<group>"; };
/* End PBXFileReference section */

/* Begin PBXFrameworksBuildPhase section */
		1D60588F0D05DD3D006BFB54 /* Frameworks */ = {
			isa = PBXFrameworksBuildPhase;
			buildActionMask = 2147483647;
			files = (
				1D60589F0D05DD5A006BFB54 /* Foundation.framework in Frameworks */,
				1DF5F4E00D08C38300B7A737 /* UIKit.framework in Frameworks */,
				288765FD0DF74451002DB57D /* CoreGraphics.framework in Frameworks */,
				8CA75EC50F579B4C00ADF0C0 /* QuartzCore.framework in Frameworks */,
				8C7BE4F60FA0471F00F18AA1 /* SystemConfiguration.framework in Frameworks */,
			);
			runOnlyForDeploymentPostprocessing = 0;
		};
/* End PBXFrameworksBuildPhase section */

/* Begin PBXGroup section */
		080E96DDFE201D6D7F000001 /* Classes */ = {
			isa = PBXGroup;
			children = (
				8CFEE2880F558C6700DF8759 /* config */,
				8CFEE2870F558C5700DF8759 /* controller */,
				8CFEE2860F558C3D00DF8759 /* view */,
				8CFEE27F0F558C2900DF8759 /* model */,
				8C72E7130F541F8C006CC0DF /* utils */,
				1D3623240D0F684500981E51 /* AppDelegate.h */,
				1D3623250D0F684500981E51 /* AppDelegate.m */,
			);
			path = Classes;
			sourceTree = "<group>";
		};
		19C28FACFE9D520D11CA2CBB /* Products */ = {
			isa = PBXGroup;
			children = (
				1D6058910D05DD3D006BFB54 /* openremote.app */,
			);
			name = Products;
			sourceTree = "<group>";
		};
		29B97314FDCFA39411CA2CEA /* CustomTemplate */ = {
			isa = PBXGroup;
			children = (
				080E96DDFE201D6D7F000001 /* Classes */,
				29B97315FDCFA39411CA2CEA /* Other Sources */,
				29B97317FDCFA39411CA2CEA /* Resources */,
				29B97323FDCFA39411CA2CEA /* Frameworks */,
				19C28FACFE9D520D11CA2CBB /* Products */,
				8CA75EC40F579B4C00ADF0C0 /* QuartzCore.framework */,
				8C7BE4F50FA0471F00F18AA1 /* SystemConfiguration.framework */,
			);
			name = CustomTemplate;
			sourceTree = "<group>";
		};
		29B97315FDCFA39411CA2CEA /* Other Sources */ = {
			isa = PBXGroup;
			children = (
				32CA4F630368D1EE00C91783 /* openremote_Prefix.pch */,
				29B97316FDCFA39411CA2CEA /* main.m */,
			);
			name = "Other Sources";
			sourceTree = "<group>";
		};
		29B97317FDCFA39411CA2CEA /* Resources */ = {
			isa = PBXGroup;
			children = (
				8CA7607A0F57EA7100ADF0C0 /* buttonHighlighted.png */,
				8CA7605B0F57E64E00ADF0C0 /* lightIcon.png */,
				8CA7603E0F57E57300ADF0C0 /* AirConditionerIcon.png */,
				8CA75F0D0F57BED100ADF0C0 /* button.png */,
				8CA75E7F0F57944100ADF0C0 /* livingroom.png */,
				8CA75E5A0F57920900ADF0C0 /* lights.png */,
				8CA75DD20F57820E00ADF0C0 /* AccelerometerController.xib */,
				8CA75D4B0F5779F100ADF0C0 /* lightbulb_off.png */,
				8CA75D4C0F5779F100ADF0C0 /* lightbulb.png */,
				8C79DCF70F5663E90002E5EE /* Icon.png */,
				799CC5C70F4D6CB0006195BD /* Default.png */,
				8D1107310486CEB800E47090 /* Info.plist */,
				8C79DF2E0F5685EB0002E5EE /* LightsController.xib */,
				8C679B710F7B14210058FF41 /* Settings.bundle */,
				8C3B6D3C0FA006D00004A7E8 /* Entitlements.plist */,
			);
			name = Resources;
			sourceTree = "<group>";
		};
		29B97323FDCFA39411CA2CEA /* Frameworks */ = {
			isa = PBXGroup;
			children = (
				1DF5F4DF0D08C38300B7A737 /* UIKit.framework */,
				1D30AB110D05D00D00671497 /* Foundation.framework */,
				288765FC0DF74451002DB57D /* CoreGraphics.framework */,
			);
			name = Frameworks;
			sourceTree = "<group>";
		};
		8C72E7130F541F8C006CC0DF /* utils */ = {
			isa = PBXGroup;
			children = (
				8C7BE4890FA0431700F18AA1 /* Reachability.h */,
				8C7BE48A0FA0431700F18AA1 /* Reachability.m */,
				799CC3CC0F4D4EEA006195BD /* URLConnectionHelper.h */,
				799CC3CD0F4D4EEA006195BD /* URLConnectionHelper.m */,
				8C6682470F53FFF5007C45D4 /* FileUtils.h */,
				8C6682480F53FFF5007C45D4 /* FileUtils.m */,
				8C72E7140F541FAB006CC0DF /* StringUtils.h */,
				8C72E7150F541FAB006CC0DF /* StringUtils.m */,
				8C7BE4210FA0395F00F18AA1 /* ViewHelper.h */,
				8C7BE4220FA0395F00F18AA1 /* ViewHelper.m */,
			);
			name = utils;
			sourceTree = "<group>";
		};
		8CFEE27F0F558C2900DF8759 /* model */ = {
			isa = PBXGroup;
			children = (
				79FEE18F0F4E864C0017B50D /* Definition.h */,
				954467D50F5663EF002E9D97 /* Definition.m */,
				954467CA0F565F98002E9D97 /* Activity.h */,
				954467CB0F565F98002E9D97 /* Activity.m */,
				799CC0CF0F4CF435006195BD /* Screen.h */,
				799CC0D00F4CF435006195BD /* Screen.m */,
				799CC0DC0F4CF912006195BD /* Control.h */,
				799CC0DD0F4CF912006195BD /* Control.m */,
			);
			name = model;
			sourceTree = "<group>";
		};
		8CFEE2860F558C3D00DF8759 /* view */ = {
			isa = PBXGroup;
			children = (
				79BF34C60F4E5FE600989DCC /* ScreenView.h */,
				79BF34C70F4E5FE600989DCC /* ScreenView.m */,
				8C6620EE0F524EEC006A0976 /* ControlView.h */,
				8C6620EF0F524EEC006A0976 /* ControlView.m */,
			);
			name = view;
			sourceTree = "<group>";
		};
		8CFEE2870F558C5700DF8759 /* controller */ = {
			isa = PBXGroup;
			children = (
				8C79DDE00F5670200002E5EE /* ActivitiesController.h */,
				8C79DDE10F5670200002E5EE /* ActivitiesController.m */,
				955882DA0F56786700527BA2 /* PaginationController.h */,
				955882DB0F56786700527BA2 /* PaginationController.m */,
				79BF34C90F4E60E200989DCC /* ScreenViewController.h */,
				79BF34CA0F4E60E200989DCC /* ScreenViewController.m */,
				8C79DF320F5686910002E5EE /* LightsController.h */,
				8C79DF330F5686910002E5EE /* LightsController.m */,
				8CA75DCF0F5781E600ADF0C0 /* AccelerometerController.h */,
				8CA75DD00F5781E600ADF0C0 /* AccelerometerController.m */,
			);
			name = controller;
			sourceTree = "<group>";
		};
		8CFEE2880F558C6700DF8759 /* config */ = {
			isa = PBXGroup;
			children = (
				8CD9745A0F52F32C00689B08 /* ServerDefinition.h */,
				8CD9745B0F52F32C00689B08 /* ServerDefinition.m */,
				8C6681FF0F53EE3D007C45D4 /* DirectoryDefinition.h */,
				8C6682000F53EE3D007C45D4 /* DirectoryDefinition.m */,
			);
			name = config;
			sourceTree = "<group>";
		};
/* End PBXGroup section */

/* Begin PBXNativeTarget section */
		1D6058900D05DD3D006BFB54 /* openremote */ = {
			isa = PBXNativeTarget;
			buildConfigurationList = 1D6058960D05DD3E006BFB54 /* Build configuration list for PBXNativeTarget "openremote" */;
			buildPhases = (
				1D60588D0D05DD3D006BFB54 /* Resources */,
				1D60588E0D05DD3D006BFB54 /* Sources */,
				1D60588F0D05DD3D006BFB54 /* Frameworks */,
			);
			buildRules = (
			);
			dependencies = (
			);
			name = openremote;
			productName = openremote;
			productReference = 1D6058910D05DD3D006BFB54 /* openremote.app */;
			productType = "com.apple.product-type.application";
		};
/* End PBXNativeTarget section */

/* Begin PBXProject section */
		29B97313FDCFA39411CA2CEA /* Project object */ = {
			isa = PBXProject;
			buildConfigurationList = C01FCF4E08A954540054247B /* Build configuration list for PBXProject "openremote" */;
			compatibilityVersion = "Xcode 3.1";
			hasScannedForEncodings = 1;
			mainGroup = 29B97314FDCFA39411CA2CEA /* CustomTemplate */;
			projectDirPath = "";
			projectRoot = "";
			targets = (
				1D6058900D05DD3D006BFB54 /* openremote */,
			);
		};
/* End PBXProject section */

/* Begin PBXResourcesBuildPhase section */
		1D60588D0D05DD3D006BFB54 /* Resources */ = {
			isa = PBXResourcesBuildPhase;
			buildActionMask = 2147483647;
			files = (
				799CC5C80F4D6CB0006195BD /* Default.png in Resources */,
				8C79DCF80F5663E90002E5EE /* Icon.png in Resources */,
				8C79DF2F0F5685EB0002E5EE /* LightsController.xib in Resources */,
				8CA75D4D0F5779F100ADF0C0 /* lightbulb_off.png in Resources */,
				8CA75D4E0F5779F100ADF0C0 /* lightbulb.png in Resources */,
				8CA75DD30F57820E00ADF0C0 /* AccelerometerController.xib in Resources */,
				8CA75E5C0F57920900ADF0C0 /* lights.png in Resources */,
				8CA75E800F57944100ADF0C0 /* livingroom.png in Resources */,
				8CA75F0E0F57BED100ADF0C0 /* button.png in Resources */,
				8CA7603F0F57E57300ADF0C0 /* AirConditionerIcon.png in Resources */,
				8CA7605C0F57E64E00ADF0C0 /* lightIcon.png in Resources */,
				8CA7607B0F57EA7100ADF0C0 /* buttonHighlighted.png in Resources */,
				8C679B720F7B14210058FF41 /* Settings.bundle in Resources */,
				8C3B6D3D0FA006D00004A7E8 /* Entitlements.plist in Resources */,
			);
			runOnlyForDeploymentPostprocessing = 0;
		};
/* End PBXResourcesBuildPhase section */

/* Begin PBXSourcesBuildPhase section */
		1D60588E0D05DD3D006BFB54 /* Sources */ = {
			isa = PBXSourcesBuildPhase;
			buildActionMask = 2147483647;
			files = (
				1D60589B0D05DD56006BFB54 /* main.m in Sources */,
				1D3623260D0F684500981E51 /* AppDelegate.m in Sources */,
				799CC0D10F4CF435006195BD /* Screen.m in Sources */,
				799CC0DE0F4CF912006195BD /* Control.m in Sources */,
				799CC3CE0F4D4EEA006195BD /* URLConnectionHelper.m in Sources */,
				79BF34C80F4E5FE600989DCC /* ScreenView.m in Sources */,
				79BF34CB0F4E60E200989DCC /* ScreenViewController.m in Sources */,
				8C6620F00F524EEC006A0976 /* ControlView.m in Sources */,
				8CD9745C0F52F32C00689B08 /* ServerDefinition.m in Sources */,
				8C6682010F53EE3D007C45D4 /* DirectoryDefinition.m in Sources */,
				8C6682490F53FFF5007C45D4 /* FileUtils.m in Sources */,
				8C72E7160F541FAB006CC0DF /* StringUtils.m in Sources */,
				954467CC0F565F98002E9D97 /* Activity.m in Sources */,
				954467D60F5663EF002E9D97 /* Definition.m in Sources */,
				8C79DDE20F5670200002E5EE /* ActivitiesController.m in Sources */,
				955882DC0F56786700527BA2 /* PaginationController.m in Sources */,
				8C79DF340F5686910002E5EE /* LightsController.m in Sources */,
				8CA75DD10F5781E600ADF0C0 /* AccelerometerController.m in Sources */,
				8C7BE4230FA0395F00F18AA1 /* ViewHelper.m in Sources */,
				8C7BE48B0FA0431700F18AA1 /* Reachability.m in Sources */,
			);
			runOnlyForDeploymentPostprocessing = 0;
		};
/* End PBXSourcesBuildPhase section */

/* Begin XCBuildConfiguration section */
		1D6058940D05DD3E006BFB54 /* Debug */ = {
			isa = XCBuildConfiguration;
			buildSettings = {
				ALWAYS_SEARCH_USER_PATHS = NO;
				CODE_SIGN_ENTITLEMENTS = "";
				"CODE_SIGN_IDENTITY[sdk=iphoneos*]" = "iPhone Developer: Ryan Cai";
				COPY_PHASE_STRIP = NO;
				GCC_DYNAMIC_NO_PIC = NO;
				GCC_OPTIMIZATION_LEVEL = 0;
				GCC_PRECOMPILE_PREFIX_HEADER = YES;
				GCC_PREFIX_HEADER = openremote_Prefix.pch;
				INFOPLIST_FILE = Info.plist;
				PRODUCT_NAME = openremote;
				"PROVISIONING_PROFILE[sdk=iphoneos*]" = "50FC0691-69DB-4BE8-A1F8-70D2D85DB68F";
			};
			name = Debug;
		};
		1D6058950D05DD3E006BFB54 /* Release */ = {
			isa = XCBuildConfiguration;
			buildSettings = {
				ALWAYS_SEARCH_USER_PATHS = NO;
				CODE_SIGN_ENTITLEMENTS = Entitlements.plist;
				"CODE_SIGN_IDENTITY[sdk=iphoneos*]" = "iPhone Distribution: Finalist IT Group";
				COPY_PHASE_STRIP = YES;
				GCC_PRECOMPILE_PREFIX_HEADER = YES;
				GCC_PREFIX_HEADER = openremote_Prefix.pch;
				INFOPLIST_FILE = Info.plist;
				PRODUCT_NAME = iphonedemo;
				"PROVISIONING_PROFILE[sdk=iphoneos*]" = "8C9903CC-67F7-4E41-9B76-FA4AF2204F7F";
			};
			name = Release;
		};
		8C599D660F7156E5001833AD /* distribute */ = {
			isa = XCBuildConfiguration;
			buildSettings = {
				ARCHS = "$(ARCHS_STANDARD_32_BIT)";
				"CODE_SIGN_IDENTITY[sdk=iphoneos*]" = "iPhone Distribution: Finalist IT Group";
				GCC_C_LANGUAGE_STANDARD = c99;
				GCC_WARN_ABOUT_RETURN_TYPE = YES;
				GCC_WARN_UNUSED_VARIABLE = YES;
				ONLY_ACTIVE_ARCH = YES;
				PREBINDING = NO;
				"PROVISIONING_PROFILE[sdk=iphoneos*]" = "D7265412-380A-4ECE-AC79-651A57197CCF";
				SDKROOT = iphoneos2.1;
			};
			name = distribute;
		};
		8C599D670F7156E5001833AD /* distribute */ = {
			isa = XCBuildConfiguration;
			buildSettings = {
				ALWAYS_SEARCH_USER_PATHS = NO;
				CODE_SIGN_ENTITLEMENTS = Entitlements.plist;
				CODE_SIGN_IDENTITY = "iPhone Distribution: Finalist IT Group";
				"CODE_SIGN_IDENTITY[sdk=iphoneos*]" = "iPhone Distribution: Finalist IT Group";
				COPY_PHASE_STRIP = NO;
				GCC_DYNAMIC_NO_PIC = NO;
				GCC_OPTIMIZATION_LEVEL = 0;
				GCC_PRECOMPILE_PREFIX_HEADER = YES;
				GCC_PREFIX_HEADER = openremote_Prefix.pch;
				INFOPLIST_FILE = Info.plist;
				PRODUCT_NAME = openremote;
				PROVISIONING_PROFILE = "D7265412-380A-4ECE-AC79-651A57197CCF";
				"PROVISIONING_PROFILE[sdk=iphoneos*]" = "D7265412-380A-4ECE-AC79-651A57197CCF";
			};
			name = distribute;
		};
		C01FCF4F08A954540054247B /* Debug */ = {
			isa = XCBuildConfiguration;
			buildSettings = {
				ARCHS = "$(ARCHS_STANDARD_32_BIT)";
				"CODE_SIGN_IDENTITY[sdk=iphoneos*]" = "iPhone Developer";
				GCC_C_LANGUAGE_STANDARD = c99;
				GCC_WARN_ABOUT_RETURN_TYPE = YES;
				GCC_WARN_UNUSED_VARIABLE = YES;
				ONLY_ACTIVE_ARCH = YES;
				PREBINDING = NO;
				SDKROOT = iphoneos2.1;
			};
			name = Debug;
		};
		C01FCF5008A954540054247B /* Release */ = {
			isa = XCBuildConfiguration;
			buildSettings = {
				ARCHS = "$(ARCHS_STANDARD_32_BIT)";
				"CODE_SIGN_IDENTITY[sdk=iphoneos*]" = "iPhone Developer";
				GCC_C_LANGUAGE_STANDARD = c99;
				GCC_WARN_ABOUT_RETURN_TYPE = YES;
				GCC_WARN_UNUSED_VARIABLE = YES;
				PREBINDING = NO;
				SDKROOT = iphoneos2.1;
			};
			name = Release;
		};
/* End XCBuildConfiguration section */

/* Begin XCConfigurationList section */
		1D6058960D05DD3E006BFB54 /* Build configuration list for PBXNativeTarget "openremote" */ = {
			isa = XCConfigurationList;
			buildConfigurations = (
				1D6058940D05DD3E006BFB54 /* Debug */,
				8C599D670F7156E5001833AD /* distribute */,
				1D6058950D05DD3E006BFB54 /* Release */,
			);
			defaultConfigurationIsVisible = 0;
			defaultConfigurationName = Release;
		};
		C01FCF4E08A954540054247B /* Build configuration list for PBXProject "openremote" */ = {
			isa = XCConfigurationList;
			buildConfigurations = (
				C01FCF4F08A954540054247B /* Debug */,
				8C599D660F7156E5001833AD /* distribute */,
				C01FCF5008A954540054247B /* Release */,
			);
			defaultConfigurationIsVisible = 0;
			defaultConfigurationName = Release;
		};
/* End XCConfigurationList section */
	};
	rootObject = 29B97313FDCFA39411CA2CEA /* Project object */;
}
